
Microsoft Visual Studio Solution File, Format Version 12.00
# Visual Studio Version 16
VisualStudioVersion = 16.0.31911.196
MinimumVisualStudioVersion = 10.0.40219.1
Project("{FAE04EC0-301F-11D3-BF4B-00C04F79EFBC}") = "1.DataTypes", "1.DataTypes\1.DataTypes.csproj", "{45A24030-D72B-4196-8AF9-C7F9B21BBE07}"
EndProject
Project("{FAE04EC0-301F-11D3-BF4B-00C04F79EFBC}") = "2.CenterPoint", "2.CenterPoint\2.CenterPoint.csproj", "{DFF1F068-DAA1-4267-932F-D168FFA05965}"
EndProject
Project("{FAE04EC0-301F-11D3-BF4B-00C04F79EFBC}") = "3.LongerLine", "3.LongerLine\3.LongerLine.csproj", "{348D48FF-07AA-4760-83F5-4649DBA9DEBE}"
EndProject
Project("{FAE04EC0-301F-11D3-BF4B-00C04F79EFBC}") = "4.TribonacciSequence", "4.TribonacciSequence\4.TribonacciSequence.csproj", "{969718FE-9051-4007-9096-9FE4CD906B82}"
EndProject
Project("{FAE04EC0-301F-11D3-BF4B-00C04F79EFBC}") = "5.MultiplicationSign", "5.MultiplicationSign\5.MultiplicationSign.csproj", "{DF3338F5-EF96-4C66-B713-EC8CDAE6C821}"
EndProject
Global
	GlobalSection(SolutionConfigurationPlatforms) = preSolution
		Debug|Any CPU = Debug|Any CPU
		Release|Any CPU = Release|Any CPU
	EndGlobalSection
	GlobalSection(ProjectConfigurationPlatforms) = postSolution
		{45A24030-D72B-4196-8AF9-C7F9B21BBE07}.Debug|Any CPU.ActiveCfg = Debug|Any CPU
		{45A24030-D72B-4196-8AF9-C7F9B21BBE07}.Debug|Any CPU.Build.0 = Debug|Any CPU
		{45A24030-D72B-4196-8AF9-C7F9B21BBE07}.Release|Any CPU.ActiveCfg = Release|Any CPU
		{45A24030-D72B-4196-8AF9-C7F9B21BBE07}.Release|Any CPU.Build.0 = Release|Any CPU
		{DFF1F068-DAA1-4267-932F-D168FFA05965}.Debug|Any CPU.ActiveCfg = Debug|Any CPU
		{DFF1F068-DAA1-4267-932F-D168FFA05965}.Debug|Any CPU.Build.0 = Debug|Any CPU
		{DFF1F068-DAA1-4267-932F-D168FFA05965}.Release|Any CPU.ActiveCfg = Release|Any CPU
		{DFF1F068-DAA1-4267-932F-D168FFA05965}.Release|Any CPU.Build.0 = Release|Any CPU
		{348D48FF-07AA-4760-83F5-4649DBA9DEBE}.Debug|Any CPU.ActiveCfg = Debug|Any CPU
		{348D48FF-07AA-4760-83F5-4649DBA9DEBE}.Debug|Any CPU.Build.0 = Debug|Any CPU
		{348D48FF-07AA-4760-83F5-4649DBA9DEBE}.Release|Any CPU.ActiveCfg = Release|Any CPU
		{348D48FF-07AA-4760-83F5-4649DBA9DEBE}.Release|Any CPU.Build.0 = Release|Any CPU
		{969718FE-9051-4007-9096-9FE4CD906B82}.Debug|Any CPU.ActiveCfg = Debug|Any CPU
		{969718FE-9051-4007-9096-9FE4CD906B82}.Debug|Any CPU.Build.0 = Debug|Any CPU
		{969718FE-9051-4007-9096-9FE4CD906B82}.Release|Any CPU.ActiveCfg = Release|Any CPU
		{969718FE-9051-4007-9096-9FE4CD906B82}.Release|Any CPU.Build.0 = Release|Any CPU
		{DF3338F5-EF96-4C66-B713-EC8CDAE6C821}.Debug|Any CPU.ActiveCfg = Debug|Any CPU
		{DF3338F5-EF96-4C66-B713-EC8CDAE6C821}.Debug|Any CPU.Build.0 = Debug|Any CPU
		{DF3338F5-EF96-4C66-B713-EC8CDAE6C821}.Release|Any CPU.ActiveCfg = Release|Any CPU
		{DF3338F5-EF96-4C66-B713-EC8CDAE6C821}.Release|Any CPU.Build.0 = Release|Any CPU
	EndGlobalSection
	GlobalSection(SolutionProperties) = preSolution
		HideSolutionNode = FALSE
	EndGlobalSection
	GlobalSection(ExtensibilityGlobals) = postSolution
		SolutionGuid = {4C4CC6C3-F538-42D9-BA58-BA65E216E52D}
	EndGlobalSection
EndGlobal
